Microsoft Visual Studio Solution File, Format Version 12.00
# Visual Studio Version 17
VisualStudioVersion = 17.5.2.0
MinimumVisualStudioVersion = 10.0.40219.1
Project("{2150E333-8FDC-42A3-9474-1A3956D46DE8}") = "unity_cloud_code", "unity_cloud_code", "{D8981EAF-F0AD-386E-BA47-7B5E0F38D61D}"
EndProject
Project("{FAE04EC0-301F-11D3-BF4B-00C04F79EFBC}") = "UltronModule", "unity_cloud_code\UltronModule\UltronModule.csproj", "{F424D96D-C8F2-BB90-EE9A-D71AFC535492}"
EndProject
Global
	GlobalSection(SolutionConfigurationPlatforms) = preSolution
		Debug|Any CPU = Debug|Any CPU
		Release|Any CPU = Release|Any CPU
	EndGlobalSection
	GlobalSection(ProjectConfigurationPlatforms) = postSolution
		{F424D96D-C8F2-BB90-EE9A-D71AFC535492}.Debug|Any CPU.ActiveCfg = Debug|Any CPU
		{F424D96D-C8F2-BB90-EE9A-D71AFC535492}.Debug|Any CPU.Build.0 = Debug|Any CPU
		{F424D96D-C8F2-BB90-EE9A-D71AFC535492}.Release|Any CPU.ActiveCfg = Release|Any CPU
		{F424D96D-C8F2-BB90-EE9A-D71AFC535492}.Release|Any CPU.Build.0 = Release|Any CPU
	EndGlobalSection
	GlobalSection(SolutionProperties) = preSolution
		HideSolutionNode = FALSE
	EndGlobalSection
	GlobalSection(NestedProjects) = preSolution
		{F424D96D-C8F2-BB90-EE9A-D71AFC535492} = {D8981EAF-F0AD-386E-BA47-7B5E0F38D61D}
	EndGlobalSection
	GlobalSection(ExtensibilityGlobals) = postSolution
		SolutionGuid = {BBA32499-977B-4B47-8C2F-3CB8D4F64809}
	EndGlobalSection
EndGlobal
